// !$*UTF8*$!
{
	archiveVersion = 1;
	classes = {
	};
	objectVersion = 56;
	objects = {

/* Begin PBXBuildFile section */
		249307222A9D1725005522D5 /* CareCountApp.swift in Sources */ = {isa = PBXBuildFile; fileRef = 249307212A9D1725005522D5 /* CareCountApp.swift */; };
		249307242A9D1725005522D5 /* LandingView.swift in Sources */ = {isa = PBXBuildFile; fileRef = 249307232A9D1725005522D5 /* LandingView.swift */; };
		249307262A9D1726005522D5 /* Assets.xcassets in Resources */ = {isa = PBXBuildFile; fileRef = 249307252A9D1726005522D5 /* Assets.xcassets */; };
		249307292A9D1726005522D5 /* Preview Assets.xcassets in Resources */ = {isa = PBXBuildFile; fileRef = 249307282A9D1726005522D5 /* Preview Assets.xcassets */; };
		249307302A9D18CC005522D5 /* RoutineView.swift in Sources */ = {isa = PBXBuildFile; fileRef = 2493072F2A9D18CC005522D5 /* RoutineView.swift */; };
		249307322A9D194F005522D5 /* CustomButtonStyle.swift in Sources */ = {isa = PBXBuildFile; fileRef = 249307312A9D194F005522D5 /* CustomButtonStyle.swift */; };
		249307342A9D2038005522D5 /* RoutineListItems.swift in Sources */ = {isa = PBXBuildFile; fileRef = 249307332A9D2038005522D5 /* RoutineListItems.swift */; };
		249307382A9D6008005522D5 /* ToDoView.swift in Sources */ = {isa = PBXBuildFile; fileRef = 249307372A9D6008005522D5 /* ToDoView.swift */; };
		2493073E2A9D68E6005522D5 /* FooterView.swift in Sources */ = {isa = PBXBuildFile; fileRef = 2493073D2A9D68E6005522D5 /* FooterView.swift */; };
		249307402A9D7757005522D5 /* HomeView.swift in Sources */ = {isa = PBXBuildFile; fileRef = 2493073F2A9D7757005522D5 /* HomeView.swift */; };
		249307422A9D7A4C005522D5 /* ProfileView.swift in Sources */ = {isa = PBXBuildFile; fileRef = 249307412A9D7A4C005522D5 /* ProfileView.swift */; };
/* End PBXBuildFile section */

/* Begin PBXFileReference section */
		2493071E2A9D1725005522D5 /* CareCount.app */ = {isa = PBXFileReference; explicitFileType = wrapper.application; includeInIndex = 0; path = CareCount.app; sourceTree = BUILT_PRODUCTS_DIR; };
		249307212A9D1725005522D5 /* CareCountApp.swift */ = {isa = PBXFileReference; lastKnownFileType = sourcecode.swift; path = CareCountApp.swift; sourceTree = "<group>"; };
		249307232A9D1725005522D5 /* LandingView.swift */ = {isa = PBXFileReference; lastKnownFileType = sourcecode.swift; path = LandingView.swift; sourceTree = "<group>"; };
		249307252A9D1726005522D5 /* Assets.xcassets */ = {isa = PBXFileReference; lastKnownFileType = folder.assetcatalog; path = Assets.xcassets; sourceTree = "<group>"; };
		249307282A9D1726005522D5 /* Preview Assets.xcassets */ = {isa = PBXFileReference; lastKnownFileType = folder.assetcatalog; path = "Preview Assets.xcassets"; sourceTree = "<group>"; };
		2493072F2A9D18CC005522D5 /* RoutineView.swift */ = {isa = PBXFileReference; lastKnownFileType = sourcecode.swift; path = RoutineView.swift; sourceTree = "<group>"; };
		249307312A9D194F005522D5 /* CustomButtonStyle.swift */ = {isa = PBXFileReference; lastKnownFileType = sourcecode.swift; path = CustomButtonStyle.swift; sourceTree = "<group>"; };
		249307332A9D2038005522D5 /* RoutineListItems.swift */ = {isa = PBXFileReference; lastKnownFileType = sourcecode.swift; path = RoutineListItems.swift; sourceTree = "<group>"; };
		249307372A9D6008005522D5 /* ToDoView.swift */ = {isa = PBXFileReference; lastKnownFileType = sourcecode.swift; path = ToDoView.swift; sourceTree = "<group>"; };
		2493073D2A9D68E6005522D5 /* FooterView.swift */ = {isa = PBXFileReference; lastKnownFileType = sourcecode.swift; path = FooterView.swift; sourceTree = "<group>"; };
		2493073F2A9D7757005522D5 /* HomeView.swift */ = {isa = PBXFileReference; lastKnownFileType = sourcecode.swift; path = HomeView.swift; sourceTree = "<group>"; };
		249307412A9D7A4C005522D5 /* ProfileView.swift */ = {isa = PBXFileReference; lastKnownFileType = sourcecode.swift; path = ProfileView.swift; sourceTree = "<group>"; };
/* End PBXFileReference section */

/* Begin PBXFrameworksBuildPhase section */
		2493071B2A9D1725005522D5 /* Frameworks */ = {
			isa = PBXFrameworksBuildPhase;
			buildActionMask = 2147483647;
			files = (
			);
			runOnlyForDeploymentPostprocessing = 0;
		};
/* End PBXFrameworksBuildPhase section */

/* Begin PBXGroup section */
		249307152A9D1725005522D5 = {
			isa = PBXGroup;
			children = (
				249307202A9D1725005522D5 /* CareCount */,
				2493071F2A9D1725005522D5 /* Products */,
			);
			sourceTree = "<group>";
		};
		2493071F2A9D1725005522D5 /* Products */ = {
			isa = PBXGroup;
			children = (
				2493071E2A9D1725005522D5 /* CareCount.app */,
			);
			name = Products;
			sourceTree = "<group>";
		};
		249307202A9D1725005522D5 /* CareCount */ = {
			isa = PBXGroup;
			children = (
				249307212A9D1725005522D5 /* CareCountApp.swift */,
				249307232A9D1725005522D5 /* LandingView.swift */,
				249307372A9D6008005522D5 /* ToDoView.swift */,
				2493073F2A9D7757005522D5 /* HomeView.swift */,
				249307412A9D7A4C005522D5 /* ProfileView.swift */,
				2493072F2A9D18CC005522D5 /* RoutineView.swift */,
				2493073D2A9D68E6005522D5 /* FooterView.swift */,
				249307312A9D194F005522D5 /* CustomButtonStyle.swift */,
				249307332A9D2038005522D5 /* RoutineListItems.swift */,
				249307252A9D1726005522D5 /* Assets.xcassets */,
				249307272A9D1726005522D5 /* Preview Content */,
			);
			path = CareCount;
			sourceTree = "<group>";
		};
		249307272A9D1726005522D5 /* Preview Content */ = {
			isa = PBXGroup;
			children = (
				249307282A9D1726005522D5 /* Preview Assets.xcassets */,
			);
			path = "Preview Content";
			sourceTree = "<group>";
		};
/* End PBXGroup section */

/* Begin PBXNativeTarget section */
		2493071D2A9D1725005522D5 /* CareCount */ = {
			isa = PBXNativeTarget;
			buildConfigurationList = 2493072C2A9D1726005522D5 /* Build configuration list for PBXNativeTarget "CareCount" */;
			buildPhases = (
				2493071A2A9D1725005522D5 /* Sources */,
				2493071B2A9D1725005522D5 /* Frameworks */,
				2493071C2A9D1725005522D5 /* Resources */,
			);
			buildRules = (
			);
			dependencies = (
			);
			name = CareCount;
			productName = CareCount;
			productReference = 2493071E2A9D1725005522D5 /* CareCount.app */;
			productType = "com.apple.product-type.application";
		};
/* End PBXNativeTarget section */

/* Begin PBXProject section */
		249307162A9D1725005522D5 /* Project object */ = {
			isa = PBXProject;
			attributes = {
				BuildIndependentTargetsInParallel = 1;
				LastSwiftUpdateCheck = 1430;
				LastUpgradeCheck = 1430;
				TargetAttributes = {
					2493071D2A9D1725005522D5 = {
						CreatedOnToolsVersion = 14.3.1;
					};
				};
			};
			buildConfigurationList = 249307192A9D1725005522D5 /* Build configuration list for PBXProject "CareCount" */;
			compatibilityVersion = "Xcode 14.0";
			developmentRegion = en;
			hasScannedForEncodings = 0;
			knownRegions = (
				en,
				Base,
			);
			mainGroup = 249307152A9D1725005522D5;
			productRefGroup = 2493071F2A9D1725005522D5 /* Products */;
			projectDirPath = "";
			projectRoot = "";
			targets = (
				2493071D2A9D1725005522D5 /* CareCount */,
			);
		};
/* End PBXProject section */

/* Begin PBXResourcesBuildPhase section */
		2493071C2A9D1725005522D5 /* Resources */ = {
			isa = PBXResourcesBuildPhase;
			buildActionMask = 2147483647;
			files = (
				249307292A9D1726005522D5 /* Preview Assets.xcassets in Resources */,
				249307262A9D1726005522D5 /* Assets.xcassets in Resources */,
			);
			runOnlyForDeploymentPostprocessing = 0;
		};
/* End PBXResourcesBuildPhase section */

/* Begin PBXSourcesBuildPhase section */
		2493071A2A9D1725005522D5 /* Sources */ = {
			isa = PBXSourcesBuildPhase;
			buildActionMask = 2147483647;
			files = (
				249307242A9D1725005522D5 /* LandingView.swift in Sources */,
				249307422A9D7A4C005522D5 /* ProfileView.swift in Sources */,
				2493073E2A9D68E6005522D5 /* FooterView.swift in Sources */,
				249307302A9D18CC005522D5 /* RoutineView.swift in Sources */,
				249307322A9D194F005522D5 /* CustomButtonStyle.swift in Sources */,
				249307342A9D2038005522D5 /* RoutineListItems.swift in Sources */,
				249307402A9D7757005522D5 /* HomeView.swift in Sources */,
				249307382A9D6008005522D5 /* ToDoView.swift in Sources */,
				249307222A9D1725005522D5 /* CareCountApp.swift in Sources */,
			);
			runOnlyForDeploymentPostprocessing = 0;
		};
/* End PBXSourcesBuildPhase section */

/* Begin XCBuildConfiguration section */
		2493072A2A9D1726005522D5 /* Debug */ = {
			isa = XCBuildConfiguration;
			buildSettings = {
				ALWAYS_SEARCH_USER_PATHS = NO;
				CLANG_ANALYZER_NONNULL = YES;
				CLANG_ANALYZER_NUMBER_OBJECT_CONVERSION = YES_AGGRESSIVE;
				CLANG_CXX_LANGUAGE_STANDARD = "gnu++20";
				CLANG_ENABLE_MODULES = YES;
				CLANG_ENABLE_OBJC_ARC = YES;
				CLANG_ENABLE_OBJC_WEAK = YES;
				CLANG_WARN_BLOCK_CAPTURE_AUTORELEASING = YES;
				CLANG_WARN_BOOL_CONVERSION = YES;
				CLANG_WARN_COMMA = YES;
				CLANG_WARN_CONSTANT_CONVERSION = YES;
				CLANG_WARN_DEPRECATED_OBJC_IMPLEMENTATIONS = YES;
				CLANG_WARN_DIRECT_OBJC_ISA_USAGE = YES_ERROR;
				CLANG_WARN_DOCUMENTATION_COMMENTS = YES;
				CLANG_WARN_EMPTY_BODY = YES;
				CLANG_WARN_ENUM_CONVERSION = YES;
				CLANG_WARN_INFINITE_RECURSION = YES;
				CLANG_WARN_INT_CONVERSION = YES;
				CLANG_WARN_NON_LITERAL_NULL_CONVERSION = YES;
				CLANG_WARN_OBJC_IMPLICIT_RETAIN_SELF = YES;
				CLANG_WARN_OBJC_LITERAL_CONVERSION = YES;
				CLANG_WARN_OBJC_ROOT_CLASS = YES_ERROR;
				CLANG_WARN_QUOTED_INCLUDE_IN_FRAMEWORK_HEADER = YES;
				CLANG_WARN_RANGE_LOOP_ANALYSIS = YES;
				CLANG_WARN_STRICT_PROTOTYPES = YES;
				CLANG_WARN_SUSPICIOUS_MOVE = YES;
				CLANG_WARN_UNGUARDED_AVAILABILITY = YES_AGGRESSIVE;
				CLANG_WARN_UNREACHABLE_CODE = YES;
				CLANG_WARN__DUPLICATE_METHOD_MATCH = YES;
				COPY_PHASE_STRIP = NO;
				DEBUG_INFORMATION_FORMAT = dwarf;
				ENABLE_STRICT_OBJC_MSGSEND = YES;
				ENABLE_TESTABILITY = YES;
				GCC_C_LANGUAGE_STANDARD = gnu11;
				GCC_DYNAMIC_NO_PIC = NO;
				GCC_NO_COMMON_BLOCKS = YES;
				GCC_OPTIMIZATION_LEVEL = 0;
				GCC_PREPROCESSOR_DEFINITIONS = (
					"DEBUG=1",
					"$(inherited)",
				);
				GCC_WARN_64_TO_32_BIT_CONVERSION = YES;
				GCC_WARN_ABOUT_RETURN_TYPE = YES_ERROR;
				GCC_WARN_UNDECLARED_SELECTOR = YES;
				GCC_WARN_UNINITIALIZED_AUTOS = YES_AGGRESSIVE;
				GCC_WARN_UNUSED_FUNCTION = YES;
				GCC_WARN_UNUSED_VARIABLE = YES;
				IPHONEOS_DEPLOYMENT_TARGET = 16.4;
				MTL_ENABLE_DEBUG_INFO = INCLUDE_SOURCE;
				MTL_FAST_MATH = YES;
				ONLY_ACTIVE_ARCH = YES;
				SDKROOT = iphoneos;
				SWIFT_ACTIVE_COMPILATION_CONDITIONS = DEBUG;
				SWIFT_OPTIMIZATION_LEVEL = "-Onone";
			};
			name = Debug;
		};
		2493072B2A9D1726005522D5 /* Release */ = {
			isa = XCBuildConfiguration;
			buildSettings = {
				ALWAYS_SEARCH_USER_PATHS = NO;
				CLANG_ANALYZER_NONNULL = YES;
				CLANG_ANALYZER_NUMBER_OBJECT_CONVERSION = YES_AGGRESSIVE;
				CLANG_CXX_LANGUAGE_STANDARD = "gnu++20";
				CLANG_ENABLE_MODULES = YES;
				CLANG_ENABLE_OBJC_ARC = YES;
				CLANG_ENABLE_OBJC_WEAK = YES;
				CLANG_WARN_BLOCK_CAPTURE_AUTORELEASING = YES;
				CLANG_WARN_BOOL_CONVERSION = YES;
				CLANG_WARN_COMMA = YES;
				CLANG_WARN_CONSTANT_CONVERSION = YES;
				CLANG_WARN_DEPRECATED_OBJC_IMPLEMENTATIONS = YES;
				CLANG_WARN_DIRECT_OBJC_ISA_USAGE = YES_ERROR;
				CLANG_WARN_DOCUMENTATION_COMMENTS = YES;
				CLANG_WARN_EMPTY_BODY = YES;
				CLANG_WARN_ENUM_CONVERSION = YES;
				CLANG_WARN_INFINITE_RECURSION = YES;
				CLANG_WARN_INT_CONVERSION = YES;
				CLANG_WARN_NON_LITERAL_NULL_CONVERSION = YES;
				CLANG_WARN_OBJC_IMPLICIT_RETAIN_SELF = YES;
				CLANG_WARN_OBJC_LITERAL_CONVERSION = YES;
				CLANG_WARN_OBJC_ROOT_CLASS = YES_ERROR;
				CLANG_WARN_QUOTED_INCLUDE_IN_FRAMEWORK_HEADER = YES;
				CLANG_WARN_RANGE_LOOP_ANALYSIS = YES;
				CLANG_WARN_STRICT_PROTOTYPES = YES;
				CLANG_WARN_SUSPICIOUS_MOVE = YES;
				CLANG_WARN_UNGUARDED_AVAILABILITY = YES_AGGRESSIVE;
				CLANG_WARN_UNREACHABLE_CODE = YES;
				CLANG_WARN__DUPLICATE_METHOD_MATCH = YES;
				COPY_PHASE_STRIP = NO;
				DEBUG_INFORMATION_FORMAT = "dwarf-with-dsym";
				ENABLE_NS_ASSERTIONS = NO;
				ENABLE_STRICT_OBJC_MSGSEND = YES;
				GCC_C_LANGUAGE_STANDARD = gnu11;
				GCC_NO_COMMON_BLOCKS = YES;
				GCC_WARN_64_TO_32_BIT_CONVERSION = YES;
				GCC_WARN_ABOUT_RETURN_TYPE = YES_ERROR;
				GCC_WARN_UNDECLARED_SELECTOR = YES;
				GCC_WARN_UNINITIALIZED_AUTOS = YES_AGGRESSIVE;
				GCC_WARN_UNUSED_FUNCTION = YES;
				GCC_WARN_UNUSED_VARIABLE = YES;
				IPHONEOS_DEPLOYMENT_TARGET = 16.4;
				MTL_ENABLE_DEBUG_INFO = NO;
				MTL_FAST_MATH = YES;
				SDKROOT = iphoneos;
				SWIFT_COMPILATION_MODE = wholemodule;
				SWIFT_OPTIMIZATION_LEVEL = "-O";
				VALIDATE_PRODUCT = YES;
			};
			name = Release;
		};
		2493072D2A9D1726005522D5 /* Debug */ = {
			isa = XCBuildConfiguration;
			buildSettings = {
				ASSETCATALOG_COMPILER_APPICON_NAME = AppIcon;
				ASSETCATALOG_COMPILER_GLOBAL_ACCENT_COLOR_NAME = AccentColor;
				CODE_SIGN_STYLE = Automatic;
				CURRENT_PROJECT_VERSION = 1;
				DEVELOPMENT_ASSET_PATHS = "\"CareCount/Preview Content\"";
				ENABLE_PREVIEWS = YES;
				GENERATE_INFOPLIST_FILE = YES;
				INFOPLIST_KEY_UIApplicationSceneManifest_Generation = YES;
				INFOPLIST_KEY_UIApplicationSupportsIndirectInputEvents = YES;
				INFOPLIST_KEY_UILaunchScreen_Generation = YES;
				INFOPLIST_KEY_UISupportedInterfaceOrientations_iPad = "UIInterfaceOrientationPortrait UIInterfaceOrientationPortraitUpsideDown UIInterfaceOrientationLandscapeLeft UIInterfaceOrientationLandscapeRight";
				INFOPLIST_KEY_UISupportedInterfaceOrientations_iPhone = "UIInterfaceOrientationPortrait UIInterfaceOrientationLandscapeLeft UIInterfaceOrientationLandscapeRight";
				LD_RUNPATH_SEARCH_PATHS = (
					"$(inherited)",
					"@executable_path/Frameworks",
				);
				MARKETING_VERSION = 1.0;
				PRODUCT_BUNDLE_IDENTIFIER = com.jasminexyz.carecount.CareCount;
				PRODUCT_NAME = "$(TARGET_NAME)";
				SWIFT_EMIT_LOC_STRINGS = YES;
				SWIFT_VERSION = 5.0;
				TARGETED_DEVICE_FAMILY = "1,2";
			};
			name = Debug;
		};
		2493072E2A9D1726005522D5 /* Release */ = {
			isa = XCBuildConfiguration;
			buildSettings = {
				ASSETCATALOG_COMPILER_APPICON_NAME = AppIcon;
				ASSETCATALOG_COMPILER_GLOBAL_ACCENT_COLOR_NAME = AccentColor;
				CODE_SIGN_STYLE = Automatic;
				CURRENT_PROJECT_VERSION = 1;
				DEVELOPMENT_ASSET_PATHS = "\"CareCount/Preview Content\"";
				ENABLE_PREVIEWS = YES;
				GENERATE_INFOPLIST_FILE = YES;
				INFOPLIST_KEY_UIApplicationSceneManifest_Generation = YES;
				INFOPLIST_KEY_UIApplicationSupportsIndirectInputEvents = YES;
				INFOPLIST_KEY_UILaunchScreen_Generation = YES;
				INFOPLIST_KEY_UISupportedInterfaceOrientations_iPad = "UIInterfaceOrientationPortrait UIInterfaceOrientationPortraitUpsideDown UIInterfaceOrientationLandscapeLeft UIInterfaceOrientationLandscapeRight";
				INFOPLIST_KEY_UISupportedInterfaceOrientations_iPhone = "UIInterfaceOrientationPortrait UIInterfaceOrientationLandscapeLeft UIInterfaceOrientationLandscapeRight";
				LD_RUNPATH_SEARCH_PATHS = (
					"$(inherited)",
					"@executable_path/Frameworks",
				);
				MARKETING_VERSION = 1.0;
				PRODUCT_BUNDLE_IDENTIFIER = com.jasminexyz.carecount.CareCount;
				PRODUCT_NAME = "$(TARGET_NAME)";
				SWIFT_EMIT_LOC_STRINGS = YES;
				SWIFT_VERSION = 5.0;
				TARGETED_DEVICE_FAMILY = "1,2";
			};
			name = Release;
		};
/* End XCBuildConfiguration section */

/* Begin XCConfigurationList section */
		249307192A9D1725005522D5 /* Build configuration list for PBXProject "CareCount" */ = {
			isa = XCConfigurationList;
			buildConfigurations = (
				2493072A2A9D1726005522D5 /* Debug */,
				2493072B2A9D1726005522D5 /* Release */,
			);
			defaultConfigurationIsVisible = 0;
			defaultConfigurationName = Release;
		};
		2493072C2A9D1726005522D5 /* Build configuration list for PBXNativeTarget "CareCount" */ = {
			isa = XCConfigurationList;
			buildConfigurations = (
				2493072D2A9D1726005522D5 /* Debug */,
				2493072E2A9D1726005522D5 /* Release */,
			);
			defaultConfigurationIsVisible = 0;
			defaultConfigurationName = Release;
		};
/* End XCConfigurationList section */
	};
	rootObject = 249307162A9D1725005522D5 /* Project object */;
}
